// !$*UTF8*$!
{
	archiveVersion = 1;
	classes = {
	};
	objectVersion = 50;
	objects = {

/* Begin PBXBuildFile section */
		9446A26A25B965DB00CCE2F0 /* AppDelegate.swift in Sources */ = {isa = PBXBuildFile; fileRef = 9446A26925B965DB00CCE2F0 /* AppDelegate.swift */; };
		9446A26C25B965DB00CCE2F0 /* SceneDelegate.swift in Sources */ = {isa = PBXBuildFile; fileRef = 9446A26B25B965DB00CCE2F0 /* SceneDelegate.swift */; };
		9446A26E25B965DB00CCE2F0 /* ViewController.swift in Sources */ = {isa = PBXBuildFile; fileRef = 9446A26D25B965DB00CCE2F0 /* ViewController.swift */; };
		9446A27125B965DB00CCE2F0 /* Main.storyboard in Resources */ = {isa = PBXBuildFile; fileRef = 9446A26F25B965DB00CCE2F0 /* Main.storyboard */; };
		9446A27325B965DB00CCE2F0 /* Assets.xcassets in Resources */ = {isa = PBXBuildFile; fileRef = 9446A27225B965DB00CCE2F0 /* Assets.xcassets */; };
		9446A27625B965DB00CCE2F0 /* LaunchScreen.storyboard in Resources */ = {isa = PBXBuildFile; fileRef = 9446A27425B965DB00CCE2F0 /* LaunchScreen.storyboard */; };
		9446A27F25B966D200CCE2F0 /* riesenkaenguru.jpg in Resources */ = {isa = PBXBuildFile; fileRef = 9446A27E25B966D200CCE2F0 /* riesenkaenguru.jpg */; };
/* End PBXBuildFile section */

/* Begin PBXFileReference section */
		9446A26625B965DB00CCE2F0 /* IconDrag.app */ = {isa = PBXFileReference; explicitFileType = wrapper.application; includeInIndex = 0; path = IconDrag.app; sourceTree = BUILT_PRODUCTS_DIR; };
		9446A26925B965DB00CCE2F0 /* AppDelegate.swift */ = {isa = PBXFileReference; lastKnownFileType = sourcecode.swift; path = AppDelegate.swift; sourceTree = "<group>"; };
		9446A26B25B965DB00CCE2F0 /* SceneDelegate.swift */ = {isa = PBXFileReference; lastKnownFileType = sourcecode.swift; path = SceneDelegate.swift; sourceTree = "<group>"; };
		9446A26D25B965DB00CCE2F0 /* ViewController.swift */ = {isa = PBXFileReference; lastKnownFileType = sourcecode.swift; path = ViewController.swift; sourceTree = "<group>"; };
		9446A27025B965DB00CCE2F0 /* Base */ = {isa = PBXFileReference; lastKnownFileType = file.storyboard; name = Base; path = Base.lproj/Main.storyboard; sourceTree = "<group>"; };
		9446A27225B965DB00CCE2F0 /* Assets.xcassets */ = {isa = PBXFileReference; lastKnownFileType = folder.assetcatalog; path = Assets.xcassets; sourceTree = "<group>"; };
		9446A27525B965DB00CCE2F0 /* Base */ = {isa = PBXFileReference; lastKnownFileType = file.storyboard; name = Base; path = Base.lproj/LaunchScreen.storyboard; sourceTree = "<group>"; };
		9446A27725B965DB00CCE2F0 /* Info.plist */ = {isa = PBXFileReference; lastKnownFileType = text.plist.xml; path = Info.plist; sourceTree = "<group>"; };
		9446A27E25B966D200CCE2F0 /* riesenkaenguru.jpg */ = {isa = PBXFileReference; lastKnownFileType = image.jpeg; path = riesenkaenguru.jpg; sourceTree = "<group>"; };
/* End PBXFileReference section */

/* Begin PBXFrameworksBuildPhase section */
		9446A26325B965DB00CCE2F0 /* Frameworks */ = {
			isa = PBXFrameworksBuildPhase;
			buildActionMask = 2147483647;
			files = (
			);
			runOnlyForDeploymentPostprocessing = 0;
		};
/* End PBXFrameworksBuildPhase section */

/* Begin PBXGroup section */
		9446A25D25B965DB00CCE2F0 = {
			isa = PBXGroup;
			children = (
				9446A26825B965DB00CCE2F0 /* IconDrag */,
				9446A26725B965DB00CCE2F0 /* Products */,
			);
			sourceTree = "<group>";
		};
		9446A26725B965DB00CCE2F0 /* Products */ = {
			isa = PBXGroup;
			children = (
				9446A26625B965DB00CCE2F0 /* IconDrag.app */,
			);
			name = Products;
			sourceTree = "<group>";
		};
		9446A26825B965DB00CCE2F0 /* IconDrag */ = {
			isa = PBXGroup;
			children = (
				9446A27E25B966D200CCE2F0 /* riesenkaenguru.jpg */,
				9446A26925B965DB00CCE2F0 /* AppDelegate.swift */,
				9446A26B25B965DB00CCE2F0 /* SceneDelegate.swift */,
				9446A26D25B965DB00CCE2F0 /* ViewController.swift */,
				9446A26F25B965DB00CCE2F0 /* Main.storyboard */,
				9446A27225B965DB00CCE2F0 /* Assets.xcassets */,
				9446A27425B965DB00CCE2F0 /* LaunchScreen.storyboard */,
				9446A27725B965DB00CCE2F0 /* Info.plist */,
			);
			path = IconDrag;
			sourceTree = "<group>";
		};
/* End PBXGroup section */

/* Begin PBXNativeTarget section */
		9446A26525B965DB00CCE2F0 /* IconDrag */ = {
			isa = PBXNativeTarget;
			buildConfigurationList = 9446A27A25B965DB00CCE2F0 /* Build configuration list for PBXNativeTarget "IconDrag" */;
			buildPhases = (
				9446A26225B965DB00CCE2F0 /* Sources */,
				9446A26325B965DB00CCE2F0 /* Frameworks */,
				9446A26425B965DB00CCE2F0 /* Resources */,
			);
			buildRules = (
			);
			dependencies = (
			);
			name = IconDrag;
			productName = IconDrag;
			productReference = 9446A26625B965DB00CCE2F0 /* IconDrag.app */;
			productType = "com.apple.product-type.application";
		};
/* End PBXNativeTarget section */

/* Begin PBXProject section */
		9446A25E25B965DB00CCE2F0 /* Project object */ = {
			isa = PBXProject;
			attributes = {
				LastSwiftUpdateCheck = 1230;
				LastUpgradeCheck = 1230;
				TargetAttributes = {
					9446A26525B965DB00CCE2F0 = {
						CreatedOnToolsVersion = 12.3;
					};
				};
			};
			buildConfigurationList = 9446A26125B965DB00CCE2F0 /* Build configuration list for PBXProject "IconDrag" */;
			compatibilityVersion = "Xcode 9.3";
			developmentRegion = en;
			hasScannedForEncodings = 0;
			knownRegions = (
				en,
				Base,
			);
			mainGroup = 9446A25D25B965DB00CCE2F0;
			productRefGroup = 9446A26725B965DB00CCE2F0 /* Products */;
			projectDirPath = "";
			projectRoot = "";
			targets = (
				9446A26525B965DB00CCE2F0 /* IconDrag */,
			);
		};
/* End PBXProject section */

/* Begin PBXResourcesBuildPhase section */
		9446A26425B965DB00CCE2F0 /* Resources */ = {
			isa = PBXResourcesBuildPhase;
			buildActionMask = 2147483647;
			files = (
				9446A27625B965DB00CCE2F0 /* LaunchScreen.storyboard in Resources */,
				9446A27F25B966D200CCE2F0 /* riesenkaenguru.jpg in Resources */,
				9446A27325B965DB00CCE2F0 /* Assets.xcassets in Resources */,
				9446A27125B965DB00CCE2F0 /* Main.storyboard in Resources */,
			);
			runOnlyForDeploymentPostprocessing = 0;
		};
/* End PBXResourcesBuildPhase section */

/* Begin PBXSourcesBuildPhase section */
		9446A26225B965DB00CCE2F0 /* Sources */ = {
			isa = PBXSourcesBuildPhase;
			buildActionMask = 2147483647;
			files = (
				9446A26E25B965DB00CCE2F0 /* ViewController.swift in Sources */,
				9446A26A25B965DB00CCE2F0 /* AppDelegate.swift in Sources */,
				9446A26C25B965DB00CCE2F0 /* SceneDelegate.swift in Sources */,
			);
			runOnlyForDeploymentPostprocessing = 0;
		};
/* End PBXSourcesBuildPhase section */

/* Begin PBXVariantGroup section */
		9446A26F25B965DB00CCE2F0 /* Main.storyboard */ = {
			isa = PBXVariantGroup;
			children = (
				9446A27025B965DB00CCE2F0 /* Base */,
			);
			name = Main.storyboard;
			sourceTree = "<group>";
		};
		9446A27425B965DB00CCE2F0 /* LaunchScreen.storyboard */ = {
			isa = PBXVariantGroup;
			children = (
				9446A27525B965DB00CCE2F0 /* Base */,
			);
			name = LaunchScreen.storyboard;
			sourceTree = "<group>";
		};
/* End PBXVariantGroup section */

/* Begin XCBuildConfiguration section */
		9446A27825B965DB00CCE2F0 /* Debug */ = {
			isa = XCBuildConfiguration;
			buildSettings = {
				ALWAYS_SEARCH_USER_PATHS = NO;
				CLANG_ANALYZER_NONNULL = YES;
				CLANG_ANALYZER_NUMBER_OBJECT_CONVERSION = YES_AGGRESSIVE;
				CLANG_CXX_LANGUAGE_STANDARD = "gnu++14";
				CLANG_CXX_LIBRARY = "libc++";
				CLANG_ENABLE_MODULES = YES;
				CLANG_ENABLE_OBJC_ARC = YES;
				CLANG_ENABLE_OBJC_WEAK = YES;
				CLANG_WARN_BLOCK_CAPTURE_AUTORELEASING = YES;
				CLANG_WARN_BOOL_CONVERSION = YES;
				CLANG_WARN_COMMA = YES;
				CLANG_WARN_CONSTANT_CONVERSION = YES;
				CLANG_WARN_DEPRECATED_OBJC_IMPLEMENTATIONS = YES;
				CLANG_WARN_DIRECT_OBJC_ISA_USAGE = YES_ERROR;
				CLANG_WARN_DOCUMENTATION_COMMENTS = YES;
				CLANG_WARN_EMPTY_BODY = YES;
				CLANG_WARN_ENUM_CONVERSION = YES;
				CLANG_WARN_INFINITE_RECURSION = YES;
				CLANG_WARN_INT_CONVERSION = YES;
				CLANG_WARN_NON_LITERAL_NULL_CONVERSION = YES;
				CLANG_WARN_OBJC_IMPLICIT_RETAIN_SELF = YES;
				CLANG_WARN_OBJC_LITERAL_CONVERSION = YES;
				CLANG_WARN_OBJC_ROOT_CLASS = YES_ERROR;
				CLANG_WARN_QUOTED_INCLUDE_IN_FRAMEWORK_HEADER = YES;
				CLANG_WARN_RANGE_LOOP_ANALYSIS = YES;
				CLANG_WARN_STRICT_PROTOTYPES = YES;
				CLANG_WARN_SUSPICIOUS_MOVE = YES;
				CLANG_WARN_UNGUARDED_AVAILABILITY = YES_AGGRESSIVE;
				CLANG_WARN_UNREACHABLE_CODE = YES;
				CLANG_WARN__DUPLICATE_METHOD_MATCH = YES;
				COPY_PHASE_STRIP = NO;
				DEBUG_INFORMATION_FORMAT = dwarf;
				ENABLE_STRICT_OBJC_MSGSEND = YES;
				ENABLE_TESTABILITY = YES;
				GCC_C_LANGUAGE_STANDARD = gnu11;
				GCC_DYNAMIC_NO_PIC = NO;
				GCC_NO_COMMON_BLOCKS = YES;
				GCC_OPTIMIZATION_LEVEL = 0;
				GCC_PREPROCESSOR_DEFINITIONS = (
					"DEBUG=1",
					"$(inherited)",
				);
				GCC_WARN_64_TO_32_BIT_CONVERSION = YES;
				GCC_WARN_ABOUT_RETURN_TYPE = YES_ERROR;
				GCC_WARN_UNDECLARED_SELECTOR = YES;
				GCC_WARN_UNINITIALIZED_AUTOS = YES_AGGRESSIVE;
				GCC_WARN_UNUSED_FUNCTION = YES;
				GCC_WARN_UNUSED_VARIABLE = YES;
				IPHONEOS_DEPLOYMENT_TARGET = 14.3;
				MTL_ENABLE_DEBUG_INFO = INCLUDE_SOURCE;
				MTL_FAST_MATH = YES;
				ONLY_ACTIVE_ARCH = YES;
				SDKROOT = iphoneos;
				SWIFT_ACTIVE_COMPILATION_CONDITIONS = DEBUG;
				SWIFT_OPTIMIZATION_LEVEL = "-Onone";
			};
			name = Debug;
		};
		9446A27925B965DB00CCE2F0 /* Release */ = {
			isa = XCBuildConfiguration;
			buildSettings = {
				ALWAYS_SEARCH_USER_PATHS = NO;
				CLANG_ANALYZER_NONNULL = YES;
				CLANG_ANALYZER_NUMBER_OBJECT_CONVERSION = YES_AGGRESSIVE;
				CLANG_CXX_LANGUAGE_STANDARD = "gnu++14";
				CLANG_CXX_LIBRARY = "libc++";
				CLANG_ENABLE_MODULES = YES;
				CLANG_ENABLE_OBJC_ARC = YES;
				CLANG_ENABLE_OBJC_WEAK = YES;
				CLANG_WARN_BLOCK_CAPTURE_AUTORELEASING = YES;
				CLANG_WARN_BOOL_CONVERSION = YES;
				CLANG_WARN_COMMA = YES;
				CLANG_WARN_CONSTANT_CONVERSION = YES;
				CLANG_WARN_DEPRECATED_OBJC_IMPLEMENTATIONS = YES;
				CLANG_WARN_DIRECT_OBJC_ISA_USAGE = YES_ERROR;
				CLANG_WARN_DOCUMENTATION_COMMENTS = YES;
				CLANG_WARN_EMPTY_BODY = YES;
				CLANG_WARN_ENUM_CONVERSION = YES;
				CLANG_WARN_INFINITE_RECURSION = YES;
				CLANG_WARN_INT_CONVERSION = YES;
				CLANG_WARN_NON_LITERAL_NULL_CONVERSION = YES;
				CLANG_WARN_OBJC_IMPLICIT_RETAIN_SELF = YES;
				CLANG_WARN_OBJC_LITERAL_CONVERSION = YES;
				CLANG_WARN_OBJC_ROOT_CLASS = YES_ERROR;
				CLANG_WARN_QUOTED_INCLUDE_IN_FRAMEWORK_HEADER = YES;
				CLANG_WARN_RANGE_LOOP_ANALYSIS = YES;
				CLANG_WARN_STRICT_PROTOTYPES = YES;
				CLANG_WARN_SUSPICIOUS_MOVE = YES;
				CLANG_WARN_UNGUARDED_AVAILABILITY = YES_AGGRESSIVE;
				CLANG_WARN_UNREACHABLE_CODE = YES;
				CLANG_WARN__DUPLICATE_METHOD_MATCH = YES;
				COPY_PHASE_STRIP = NO;
				DEBUG_INFORMATION_FORMAT = "dwarf-with-dsym";
				ENABLE_NS_ASSERTIONS = NO;
				ENABLE_STRICT_OBJC_MSGSEND = YES;
				GCC_C_LANGUAGE_STANDARD = gnu11;
				GCC_NO_COMMON_BLOCKS = YES;
				GCC_WARN_64_TO_32_BIT_CONVERSION = YES;
				GCC_WARN_ABOUT_RETURN_TYPE = YES_ERROR;
				GCC_WARN_UNDECLARED_SELECTOR = YES;
				GCC_WARN_UNINITIALIZED_AUTOS = YES_AGGRESSIVE;
				GCC_WARN_UNUSED_FUNCTION = YES;
				GCC_WARN_UNUSED_VARIABLE = YES;
				IPHONEOS_DEPLOYMENT_TARGET = 14.3;
				MTL_ENABLE_DEBUG_INFO = NO;
				MTL_FAST_MATH = YES;
				SDKROOT = iphoneos;
				SWIFT_COMPILATION_MODE = wholemodule;
				SWIFT_OPTIMIZATION_LEVEL = "-O";
				VALIDATE_PRODUCT = YES;
			};
			name = Release;
		};
		9446A27B25B965DB00CCE2F0 /* Debug */ = {
			isa = XCBuildConfiguration;
			buildSettings = {
				ASSETCATALOG_COMPILER_APPICON_NAME = AppIcon;
				ASSETCATALOG_COMPILER_GLOBAL_ACCENT_COLOR_NAME = AccentColor;
				CODE_SIGN_STYLE = Automatic;
				INFOPLIST_FILE = IconDrag/Info.plist;
				LD_RUNPATH_SEARCH_PATHS = (
					"$(inherited)",
					"@executable_path/Frameworks",
				);
				PRODUCT_BUNDLE_IDENTIFIER = at.ac.htl.IconDrag;
				PRODUCT_NAME = "$(TARGET_NAME)";
				SWIFT_VERSION = 5.0;
				TARGETED_DEVICE_FAMILY = "1,2";
			};
			name = Debug;
		};
		9446A27C25B965DB00CCE2F0 /* Release */ = {
			isa = XCBuildConfiguration;
			buildSettings = {
				ASSETCATALOG_COMPILER_APPICON_NAME = AppIcon;
				ASSETCATALOG_COMPILER_GLOBAL_ACCENT_COLOR_NAME = AccentColor;
				CODE_SIGN_STYLE = Automatic;
				INFOPLIST_FILE = IconDrag/Info.plist;
				LD_RUNPATH_SEARCH_PATHS = (
					"$(inherited)",
					"@executable_path/Frameworks",
				);
				PRODUCT_BUNDLE_IDENTIFIER = at.ac.htl.IconDrag;
				PRODUCT_NAME = "$(TARGET_NAME)";
				SWIFT_VERSION = 5.0;
				TARGETED_DEVICE_FAMILY = "1,2";
			};
			name = Release;
		};
/* End XCBuildConfiguration section */

/* Begin XCConfigurationList section */
		9446A26125B965DB00CCE2F0 /* Build configuration list for PBXProject "IconDrag" */ = {
			isa = XCConfigurationList;
			buildConfigurations = (
				9446A27825B965DB00CCE2F0 /* Debug */,
				9446A27925B965DB00CCE2F0 /* Release */,
			);
			defaultConfigurationIsVisible = 0;
			defaultConfigurationName = Release;
		};
		9446A27A25B965DB00CCE2F0 /* Build configuration list for PBXNativeTarget "IconDrag" */ = {
			isa = XCConfigurationList;
			buildConfigurations = (
				9446A27B25B965DB00CCE2F0 /* Debug */,
				9446A27C25B965DB00CCE2F0 /* Release */,
			);
			defaultConfigurationIsVisible = 0;
			defaultConfigurationName = Release;
		};
/* End XCConfigurationList section */
	};
	rootObject = 9446A25E25B965DB00CCE2F0 /* Project object */;
}
